
Microsoft Visual Studio Solution File, Format Version 12.00
# Visual Studio 2012
VisualStudioVersion = 12.0.31101.0
MinimumVisualStudioVersion = 10.0.40219.1
Project("{FAE04EC0-301F-11D3-BF4B-00C04F79EFBC}") = "CheapSharkMobile", "CheapSharkMobile\CheapSharkMobile\CheapSharkMobile.csproj", "{1A9BB71B-522F-41C9-BD40-37FFB4E2A662}"
EndProject
Project("{FAE04EC0-301F-11D3-BF4B-00C04F79EFBC}") = "CheapSharkMobile.iOS", "CheapSharkMobile\CheapSharkMobile.iOS\CheapSharkMobile.iOS.csproj", "{F7EC57FF-6EC7-4B9A-9D7D-6BEC82C80090}"
EndProject
Project("{FAE04EC0-301F-11D3-BF4B-00C04F79EFBC}") = "CheapSharkMobile.Droid", "CheapSharkMobile\CheapSharkMobile.Droid\CheapSharkMobile.Droid.csproj", "{827AA821-B959-4E0D-A921-F623F3973F02}"
EndProject
Project("{FAE04EC0-301F-11D3-BF4B-00C04F79EFBC}") = "CheapSharkMobile.WinPhone", "CheapSharkMobile\CheapSharkMobile.WinPhone\CheapSharkMobile.WinPhone.csproj", "{5E360634-836E-42D5-9A17-B44953069D9A}"
EndProject
Project("{FAE04EC0-301F-11D3-BF4B-00C04F79EFBC}") = "CheapSharkMobile.UITest", "CheapSharkMobile\CheapSharkMobile.UITest\CheapSharkMobile.UITest.csproj", "{57087D94-9729-4E27-9315-4466032848D3}"
EndProject
Global
	GlobalSection(SolutionConfigurationPlatforms) = preSolution
		Ad-Hoc|Any CPU = Ad-Hoc|Any CPU
		Ad-Hoc|ARM = Ad-Hoc|ARM
		Ad-Hoc|iPhone = Ad-Hoc|iPhone
		Ad-Hoc|iPhoneSimulator = Ad-Hoc|iPhoneSimulator
		Ad-Hoc|Mixed Platforms = Ad-Hoc|Mixed Platforms
		Ad-Hoc|x86 = Ad-Hoc|x86
		AppStore|Any CPU = AppStore|Any CPU
		AppStore|ARM = AppStore|ARM
		AppStore|iPhone = AppStore|iPhone
		AppStore|iPhoneSimulator = AppStore|iPhoneSimulator
		AppStore|Mixed Platforms = AppStore|Mixed Platforms
		AppStore|x86 = AppStore|x86
		Debug|Any CPU = Debug|Any CPU
		Debug|ARM = Debug|ARM
		Debug|iPhone = Debug|iPhone
		Debug|iPhoneSimulator = Debug|iPhoneSimulator
		Debug|Mixed Platforms = Debug|Mixed Platforms
		Debug|x86 = Debug|x86
		Release|Any CPU = Release|Any CPU
		Release|ARM = Release|ARM
		Release|iPhone = Release|iPhone
		Release|iPhoneSimulator = Release|iPhoneSimulator
		Release|Mixed Platforms = Release|Mixed Platforms
		Release|x86 = Release|x86
	EndGlobalSection
	GlobalSection(ProjectConfigurationPlatforms) = postSolution
		{1A9BB71B-522F-41C9-BD40-37FFB4E2A662}.Ad-Hoc|Any CPU.ActiveCfg = Release|Any CPU
		{1A9BB71B-522F-41C9-BD40-37FFB4E2A662}.Ad-Hoc|Any CPU.Build.0 = Release|Any CPU
		{1A9BB71B-522F-41C9-BD40-37FFB4E2A662}.Ad-Hoc|ARM.ActiveCfg = Release|Any CPU
		{1A9BB71B-522F-41C9-BD40-37FFB4E2A662}.Ad-Hoc|iPhone.ActiveCfg = Release|Any CPU
		{1A9BB71B-522F-41C9-BD40-37FFB4E2A662}.Ad-Hoc|iPhoneSimulator.ActiveCfg = Release|Any CPU
		{1A9BB71B-522F-41C9-BD40-37FFB4E2A662}.Ad-Hoc|Mixed Platforms.ActiveCfg = Release|Any CPU
		{1A9BB71B-522F-41C9-BD40-37FFB4E2A662}.Ad-Hoc|Mixed Platforms.Build.0 = Release|Any CPU
		{1A9BB71B-522F-41C9-BD40-37FFB4E2A662}.Ad-Hoc|x86.ActiveCfg = Release|Any CPU
		{1A9BB71B-522F-41C9-BD40-37FFB4E2A662}.AppStore|Any CPU.ActiveCfg = Release|Any CPU
		{1A9BB71B-522F-41C9-BD40-37FFB4E2A662}.AppStore|Any CPU.Build.0 = Release|Any CPU
		{1A9BB71B-522F-41C9-BD40-37FFB4E2A662}.AppStore|ARM.ActiveCfg = Release|Any CPU
		{1A9BB71B-522F-41C9-BD40-37FFB4E2A662}.AppStore|iPhone.ActiveCfg = Release|Any CPU
		{1A9BB71B-522F-41C9-BD40-37FFB4E2A662}.AppStore|iPhoneSimulator.ActiveCfg = Release|Any CPU
		{1A9BB71B-522F-41C9-BD40-37FFB4E2A662}.AppStore|Mixed Platforms.ActiveCfg = Release|Any CPU
		{1A9BB71B-522F-41C9-BD40-37FFB4E2A662}.AppStore|Mixed Platforms.Build.0 = Release|Any CPU
		{1A9BB71B-522F-41C9-BD40-37FFB4E2A662}.AppStore|x86.ActiveCfg = Release|Any CPU
		{1A9BB71B-522F-41C9-BD40-37FFB4E2A662}.Debug|Any CPU.ActiveCfg = Debug|Any CPU
		{1A9BB71B-522F-41C9-BD40-37FFB4E2A662}.Debug|Any CPU.Build.0 = Debug|Any CPU
		{1A9BB71B-522F-41C9-BD40-37FFB4E2A662}.Debug|ARM.ActiveCfg = Debug|Any CPU
		{1A9BB71B-522F-41C9-BD40-37FFB4E2A662}.Debug|iPhone.ActiveCfg = Debug|Any CPU
		{1A9BB71B-522F-41C9-BD40-37FFB4E2A662}.Debug|iPhoneSimulator.ActiveCfg = Debug|Any CPU
		{1A9BB71B-522F-41C9-BD40-37FFB4E2A662}.Debug|Mixed Platforms.ActiveCfg = Debug|Any CPU
		{1A9BB71B-522F-41C9-BD40-37FFB4E2A662}.Debug|Mixed Platforms.Build.0 = Debug|Any CPU
		{1A9BB71B-522F-41C9-BD40-37FFB4E2A662}.Debug|x86.ActiveCfg = Debug|Any CPU
		{1A9BB71B-522F-41C9-BD40-37FFB4E2A662}.Release|Any CPU.ActiveCfg = Release|Any CPU
		{1A9BB71B-522F-41C9-BD40-37FFB4E2A662}.Release|Any CPU.Build.0 = Release|Any CPU
		{1A9BB71B-522F-41C9-BD40-37FFB4E2A662}.Release|ARM.ActiveCfg = Release|Any CPU
		{1A9BB71B-522F-41C9-BD40-37FFB4E2A662}.Release|iPhone.ActiveCfg = Release|Any CPU
		{1A9BB71B-522F-41C9-BD40-37FFB4E2A662}.Release|iPhoneSimulator.ActiveCfg = Release|Any CPU
		{1A9BB71B-522F-41C9-BD40-37FFB4E2A662}.Release|Mixed Platforms.ActiveCfg = Release|Any CPU
		{1A9BB71B-522F-41C9-BD40-37FFB4E2A662}.Release|Mixed Platforms.Build.0 = Release|Any CPU
		{1A9BB71B-522F-41C9-BD40-37FFB4E2A662}.Release|x86.ActiveCfg = Release|Any CPU
		{57087D94-9729-4E27-9315-4466032848D3}.Ad-Hoc|Any CPU.ActiveCfg = Release|Any CPU
		{57087D94-9729-4E27-9315-4466032848D3}.Ad-Hoc|Any CPU.Build.0 = Release|Any CPU
		{57087D94-9729-4E27-9315-4466032848D3}.Ad-Hoc|ARM.ActiveCfg = Release|Any CPU
		{57087D94-9729-4E27-9315-4466032848D3}.Ad-Hoc|ARM.Build.0 = Release|Any CPU
		{57087D94-9729-4E27-9315-4466032848D3}.Ad-Hoc|iPhone.ActiveCfg = Release|Any CPU
		{57087D94-9729-4E27-9315-4466032848D3}.Ad-Hoc|iPhone.Build.0 = Release|Any CPU
		{57087D94-9729-4E27-9315-4466032848D3}.Ad-Hoc|iPhoneSimulator.ActiveCfg = Release|Any CPU
		{57087D94-9729-4E27-9315-4466032848D3}.Ad-Hoc|iPhoneSimulator.Build.0 = Release|Any CPU
		{57087D94-9729-4E27-9315-4466032848D3}.Ad-Hoc|Mixed Platforms.ActiveCfg = Release|Any CPU
		{57087D94-9729-4E27-9315-4466032848D3}.Ad-Hoc|Mixed Platforms.Build.0 = Release|Any CPU
		{57087D94-9729-4E27-9315-4466032848D3}.Ad-Hoc|x86.ActiveCfg = Release|Any CPU
		{57087D94-9729-4E27-9315-4466032848D3}.Ad-Hoc|x86.Build.0 = Release|Any CPU
		{57087D94-9729-4E27-9315-4466032848D3}.AppStore|Any CPU.ActiveCfg = Release|Any CPU
		{57087D94-9729-4E27-9315-4466032848D3}.AppStore|Any CPU.Build.0 = Release|Any CPU
		{57087D94-9729-4E27-9315-4466032848D3}.AppStore|ARM.ActiveCfg = Release|Any CPU
		{57087D94-9729-4E27-9315-4466032848D3}.AppStore|ARM.Build.0 = Release|Any CPU
		{57087D94-9729-4E27-9315-4466032848D3}.AppStore|iPhone.ActiveCfg = Release|Any CPU
		{57087D94-9729-4E27-9315-4466032848D3}.AppStore|iPhone.Build.0 = Release|Any CPU
		{57087D94-9729-4E27-9315-4466032848D3}.AppStore|iPhoneSimulator.ActiveCfg = Release|Any CPU
		{57087D94-9729-4E27-9315-4466032848D3}.AppStore|iPhoneSimulator.Build.0 = Release|Any CPU
		{57087D94-9729-4E27-9315-4466032848D3}.AppStore|Mixed Platforms.ActiveCfg = Release|Any CPU
		{57087D94-9729-4E27-9315-4466032848D3}.AppStore|Mixed Platforms.Build.0 = Release|Any CPU
		{57087D94-9729-4E27-9315-4466032848D3}.AppStore|x86.ActiveCfg = Release|Any CPU
		{57087D94-9729-4E27-9315-4466032848D3}.AppStore|x86.Build.0 = Release|Any CPU
		{57087D94-9729-4E27-9315-4466032848D3}.Debug|Any CPU.ActiveCfg = Debug|Any CPU
		{57087D94-9729-4E27-9315-4466032848D3}.Debug|Any CPU.Build.0 = Debug|Any CPU
		{57087D94-9729-4E27-9315-4466032848D3}.Debug|ARM.ActiveCfg = Debug|Any CPU
		{57087D94-9729-4E27-9315-4466032848D3}.Debug|ARM.Build.0 = Debug|Any CPU
		{57087D94-9729-4E27-9315-4466032848D3}.Debug|iPhone.ActiveCfg = Debug|Any CPU
		{57087D94-9729-4E27-9315-4466032848D3}.Debug|iPhone.Build.0 = Debug|Any CPU
		{57087D94-9729-4E27-9315-4466032848D3}.Debug|iPhoneSimulator.ActiveCfg = Debug|Any CPU
		{57087D94-9729-4E27-9315-4466032848D3}.Debug|iPhoneSimulator.Build.0 = Debug|Any CPU
		{57087D94-9729-4E27-9315-4466032848D3}.Debug|Mixed Platforms.ActiveCfg = Debug|Any CPU
		{57087D94-9729-4E27-9315-4466032848D3}.Debug|Mixed Platforms.Build.0 = Debug|Any CPU
		{57087D94-9729-4E27-9315-4466032848D3}.Debug|x86.ActiveCfg = Debug|Any CPU
		{57087D94-9729-4E27-9315-4466032848D3}.Debug|x86.Build.0 = Debug|Any CPU
		{57087D94-9729-4E27-9315-4466032848D3}.Release|Any CPU.ActiveCfg = Release|Any CPU
		{57087D94-9729-4E27-9315-4466032848D3}.Release|Any CPU.Build.0 = Release|Any CPU
		{57087D94-9729-4E27-9315-4466032848D3}.Release|ARM.ActiveCfg = Release|Any CPU
		{57087D94-9729-4E27-9315-4466032848D3}.Release|ARM.Build.0 = Release|Any CPU
		{57087D94-9729-4E27-9315-4466032848D3}.Release|iPhone.ActiveCfg = Release|Any CPU
		{57087D94-9729-4E27-9315-4466032848D3}.Release|iPhone.Build.0 = Release|Any CPU
		{57087D94-9729-4E27-9315-4466032848D3}.Release|iPhoneSimulator.ActiveCfg = Release|Any CPU
		{57087D94-9729-4E27-9315-4466032848D3}.Release|iPhoneSimulator.Build.0 = Release|Any CPU
		{57087D94-9729-4E27-9315-4466032848D3}.Release|Mixed Platforms.ActiveCfg = Release|Any CPU
		{57087D94-9729-4E27-9315-4466032848D3}.Release|Mixed Platforms.Build.0 = Release|Any CPU
		{57087D94-9729-4E27-9315-4466032848D3}.Release|x86.ActiveCfg = Release|Any CPU
		{57087D94-9729-4E27-9315-4466032848D3}.Release|x86.Build.0 = Release|Any CPU
		{5E360634-836E-42D5-9A17-B44953069D9A}.Ad-Hoc|Any CPU.ActiveCfg = Release|Any CPU
		{5E360634-836E-42D5-9A17-B44953069D9A}.Ad-Hoc|Any CPU.Build.0 = Release|Any CPU
		{5E360634-836E-42D5-9A17-B44953069D9A}.Ad-Hoc|Any CPU.Deploy.0 = Release|Any CPU
		{5E360634-836E-42D5-9A17-B44953069D9A}.Ad-Hoc|ARM.ActiveCfg = Release|ARM
		{5E360634-836E-42D5-9A17-B44953069D9A}.Ad-Hoc|ARM.Build.0 = Release|ARM
		{5E360634-836E-42D5-9A17-B44953069D9A}.Ad-Hoc|ARM.Deploy.0 = Release|ARM
		{5E360634-836E-42D5-9A17-B44953069D9A}.Ad-Hoc|iPhone.ActiveCfg = Release|Any CPU
		{5E360634-836E-42D5-9A17-B44953069D9A}.Ad-Hoc|iPhoneSimulator.ActiveCfg = Release|Any CPU
		{5E360634-836E-42D5-9A17-B44953069D9A}.Ad-Hoc|Mixed Platforms.ActiveCfg = Release|x86
		{5E360634-836E-42D5-9A17-B44953069D9A}.Ad-Hoc|Mixed Platforms.Build.0 = Release|x86
		{5E360634-836E-42D5-9A17-B44953069D9A}.Ad-Hoc|Mixed Platforms.Deploy.0 = Release|x86
		{5E360634-836E-42D5-9A17-B44953069D9A}.Ad-Hoc|x86.ActiveCfg = Release|x86
		{5E360634-836E-42D5-9A17-B44953069D9A}.Ad-Hoc|x86.Build.0 = Release|x86
		{5E360634-836E-42D5-9A17-B44953069D9A}.Ad-Hoc|x86.Deploy.0 = Release|x86
		{5E360634-836E-42D5-9A17-B44953069D9A}.AppStore|Any CPU.ActiveCfg = Release|Any CPU
		{5E360634-836E-42D5-9A17-B44953069D9A}.AppStore|Any CPU.Build.0 = Release|Any CPU
		{5E360634-836E-42D5-9A17-B44953069D9A}.AppStore|Any CPU.Deploy.0 = Release|Any CPU
		{5E360634-836E-42D5-9A17-B44953069D9A}.AppStore|ARM.ActiveCfg = Release|ARM
		{5E360634-836E-42D5-9A17-B44953069D9A}.AppStore|ARM.Build.0 = Release|ARM
		{5E360634-836E-42D5-9A17-B44953069D9A}.AppStore|ARM.Deploy.0 = Release|ARM
		{5E360634-836E-42D5-9A17-B44953069D9A}.AppStore|iPhone.ActiveCfg = Release|Any CPU
		{5E360634-836E-42D5-9A17-B44953069D9A}.AppStore|iPhoneSimulator.ActiveCfg = Release|Any CPU
		{5E360634-836E-42D5-9A17-B44953069D9A}.AppStore|Mixed Platforms.ActiveCfg = Release|x86
		{5E360634-836E-42D5-9A17-B44953069D9A}.AppStore|Mixed Platforms.Build.0 = Release|x86
		{5E360634-836E-42D5-9A17-B44953069D9A}.AppStore|Mixed Platforms.Deploy.0 = Release|x86
		{5E360634-836E-42D5-9A17-B44953069D9A}.AppStore|x86.ActiveCfg = Release|x86
		{5E360634-836E-42D5-9A17-B44953069D9A}.AppStore|x86.Build.0 = Release|x86
		{5E360634-836E-42D5-9A17-B44953069D9A}.AppStore|x86.Deploy.0 = Release|x86
		{5E360634-836E-42D5-9A17-B44953069D9A}.Debug|Any CPU.ActiveCfg = Debug|Any CPU
		{5E360634-836E-42D5-9A17-B44953069D9A}.Debug|Any CPU.Build.0 = Debug|Any CPU
		{5E360634-836E-42D5-9A17-B44953069D9A}.Debug|Any CPU.Deploy.0 = Debug|Any CPU
		{5E360634-836E-42D5-9A17-B44953069D9A}.Debug|ARM.ActiveCfg = Debug|ARM
		{5E360634-836E-42D5-9A17-B44953069D9A}.Debug|ARM.Build.0 = Debug|ARM
		{5E360634-836E-42D5-9A17-B44953069D9A}.Debug|ARM.Deploy.0 = Debug|ARM
		{5E360634-836E-42D5-9A17-B44953069D9A}.Debug|iPhone.ActiveCfg = Debug|Any CPU
		{5E360634-836E-42D5-9A17-B44953069D9A}.Debug|iPhoneSimulator.ActiveCfg = Debug|Any CPU
		{5E360634-836E-42D5-9A17-B44953069D9A}.Debug|Mixed Platforms.ActiveCfg = Debug|x86
		{5E360634-836E-42D5-9A17-B44953069D9A}.Debug|Mixed Platforms.Build.0 = Debug|x86
		{5E360634-836E-42D5-9A17-B44953069D9A}.Debug|Mixed Platforms.Deploy.0 = Debug|x86
		{5E360634-836E-42D5-9A17-B44953069D9A}.Debug|x86.ActiveCfg = Debug|x86
		{5E360634-836E-42D5-9A17-B44953069D9A}.Debug|x86.Build.0 = Debug|x86
		{5E360634-836E-42D5-9A17-B44953069D9A}.Debug|x86.Deploy.0 = Debug|x86
		{5E360634-836E-42D5-9A17-B44953069D9A}.Release|Any CPU.ActiveCfg = Release|Any CPU
		{5E360634-836E-42D5-9A17-B44953069D9A}.Release|Any CPU.Build.0 = Release|Any CPU
		{5E360634-836E-42D5-9A17-B44953069D9A}.Release|Any CPU.Deploy.0 = Release|Any CPU
		{5E360634-836E-42D5-9A17-B44953069D9A}.Release|ARM.ActiveCfg = Release|ARM
		{5E360634-836E-42D5-9A17-B44953069D9A}.Release|ARM.Build.0 = Release|ARM
		{5E360634-836E-42D5-9A17-B44953069D9A}.Release|ARM.Deploy.0 = Release|ARM
		{5E360634-836E-42D5-9A17-B44953069D9A}.Release|iPhone.ActiveCfg = Release|Any CPU
		{5E360634-836E-42D5-9A17-B44953069D9A}.Release|iPhoneSimulator.ActiveCfg = Release|Any CPU
		{5E360634-836E-42D5-9A17-B44953069D9A}.Release|Mixed Platforms.ActiveCfg = Release|x86
		{5E360634-836E-42D5-9A17-B44953069D9A}.Release|Mixed Platforms.Build.0 = Release|x86
		{5E360634-836E-42D5-9A17-B44953069D9A}.Release|Mixed Platforms.Deploy.0 = Release|x86
		{5E360634-836E-42D5-9A17-B44953069D9A}.Release|x86.ActiveCfg = Release|x86
		{5E360634-836E-42D5-9A17-B44953069D9A}.Release|x86.Build.0 = Release|x86
		{5E360634-836E-42D5-9A17-B44953069D9A}.Release|x86.Deploy.0 = Release|x86
		{827AA821-B959-4E0D-A921-F623F3973F02}.Ad-Hoc|Any CPU.ActiveCfg = Release|Any CPU
		{827AA821-B959-4E0D-A921-F623F3973F02}.Ad-Hoc|Any CPU.Build.0 = Release|Any CPU
		{827AA821-B959-4E0D-A921-F623F3973F02}.Ad-Hoc|Any CPU.Deploy.0 = Release|Any CPU
		{827AA821-B959-4E0D-A921-F623F3973F02}.Ad-Hoc|ARM.ActiveCfg = Release|Any CPU
		{827AA821-B959-4E0D-A921-F623F3973F02}.Ad-Hoc|iPhone.ActiveCfg = Release|Any CPU
		{827AA821-B959-4E0D-A921-F623F3973F02}.Ad-Hoc|iPhoneSimulator.ActiveCfg = Release|Any CPU
		{827AA821-B959-4E0D-A921-F623F3973F02}.Ad-Hoc|Mixed Platforms.ActiveCfg = Release|Any CPU
		{827AA821-B959-4E0D-A921-F623F3973F02}.Ad-Hoc|Mixed Platforms.Build.0 = Release|Any CPU
		{827AA821-B959-4E0D-A921-F623F3973F02}.Ad-Hoc|Mixed Platforms.Deploy.0 = Release|Any CPU
		{827AA821-B959-4E0D-A921-F623F3973F02}.Ad-Hoc|x86.ActiveCfg = Release|Any CPU
		{827AA821-B959-4E0D-A921-F623F3973F02}.AppStore|Any CPU.ActiveCfg = Release|Any CPU
		{827AA821-B959-4E0D-A921-F623F3973F02}.AppStore|Any CPU.Build.0 = Release|Any CPU
		{827AA821-B959-4E0D-A921-F623F3973F02}.AppStore|Any CPU.Deploy.0 = Release|Any CPU
		{827AA821-B959-4E0D-A921-F623F3973F02}.AppStore|ARM.ActiveCfg = Release|Any CPU
		{827AA821-B959-4E0D-A921-F623F3973F02}.AppStore|iPhone.ActiveCfg = Release|Any CPU
		{827AA821-B959-4E0D-A921-F623F3973F02}.AppStore|iPhoneSimulator.ActiveCfg = Release|Any CPU
		{827AA821-B959-4E0D-A921-F623F3973F02}.AppStore|Mixed Platforms.ActiveCfg = Release|Any CPU
		{827AA821-B959-4E0D-A921-F623F3973F02}.AppStore|Mixed Platforms.Build.0 = Release|Any CPU
		{827AA821-B959-4E0D-A921-F623F3973F02}.AppStore|Mixed Platforms.Deploy.0 = Release|Any CPU
		{827AA821-B959-4E0D-A921-F623F3973F02}.AppStore|x86.ActiveCfg = Release|Any CPU
		{827AA821-B959-4E0D-A921-F623F3973F02}.Debug|Any CPU.ActiveCfg = Debug|Any CPU
		{827AA821-B959-4E0D-A921-F623F3973F02}.Debug|Any CPU.Build.0 = Debug|Any CPU
		{827AA821-B959-4E0D-A921-F623F3973F02}.Debug|Any CPU.Deploy.0 = Debug|Any CPU
		{827AA821-B959-4E0D-A921-F623F3973F02}.Debug|ARM.ActiveCfg = Debug|Any CPU
		{827AA821-B959-4E0D-A921-F623F3973F02}.Debug|iPhone.ActiveCfg = Debug|Any CPU
		{827AA821-B959-4E0D-A921-F623F3973F02}.Debug|iPhoneSimulator.ActiveCfg = Debug|Any CPU
		{827AA821-B959-4E0D-A921-F623F3973F02}.Debug|Mixed Platforms.ActiveCfg = Debug|Any CPU
		{827AA821-B959-4E0D-A921-F623F3973F02}.Debug|Mixed Platforms.Build.0 = Debug|Any CPU
		{827AA821-B959-4E0D-A921-F623F3973F02}.Debug|Mixed Platforms.Deploy.0 = Debug|Any CPU
		{827AA821-B959-4E0D-A921-F623F3973F02}.Debug|x86.ActiveCfg = Debug|Any CPU
		{827AA821-B959-4E0D-A921-F623F3973F02}.Release|Any CPU.ActiveCfg = Release|Any CPU
		{827AA821-B959-4E0D-A921-F623F3973F02}.Release|Any CPU.Build.0 = Release|Any CPU
		{827AA821-B959-4E0D-A921-F623F3973F02}.Release|Any CPU.Deploy.0 = Release|Any CPU
		{827AA821-B959-4E0D-A921-F623F3973F02}.Release|ARM.ActiveCfg = Release|Any CPU
		{827AA821-B959-4E0D-A921-F623F3973F02}.Release|iPhone.ActiveCfg = Release|Any CPU
		{827AA821-B959-4E0D-A921-F623F3973F02}.Release|iPhoneSimulator.ActiveCfg = Release|Any CPU
		{827AA821-B959-4E0D-A921-F623F3973F02}.Release|Mixed Platforms.ActiveCfg = Release|Any CPU
		{827AA821-B959-4E0D-A921-F623F3973F02}.Release|Mixed Platforms.Build.0 = Release|Any CPU
		{827AA821-B959-4E0D-A921-F623F3973F02}.Release|Mixed Platforms.Deploy.0 = Release|Any CPU
		{827AA821-B959-4E0D-A921-F623F3973F02}.Release|x86.ActiveCfg = Release|Any CPU
		{F7EC57FF-6EC7-4B9A-9D7D-6BEC82C80090}.Ad-Hoc|Any CPU.ActiveCfg = Ad-Hoc|iPhone
		{F7EC57FF-6EC7-4B9A-9D7D-6BEC82C80090}.Ad-Hoc|ARM.ActiveCfg = Ad-Hoc|iPhone
		{F7EC57FF-6EC7-4B9A-9D7D-6BEC82C80090}.Ad-Hoc|iPhone.ActiveCfg = Ad-Hoc|iPhone
		{F7EC57FF-6EC7-4B9A-9D7D-6BEC82C80090}.Ad-Hoc|iPhone.Build.0 = Ad-Hoc|iPhone
		{F7EC57FF-6EC7-4B9A-9D7D-6BEC82C80090}.Ad-Hoc|iPhoneSimulator.ActiveCfg = Ad-Hoc|iPhoneSimulator
		{F7EC57FF-6EC7-4B9A-9D7D-6BEC82C80090}.Ad-Hoc|iPhoneSimulator.Build.0 = Ad-Hoc|iPhoneSimulator
		{F7EC57FF-6EC7-4B9A-9D7D-6BEC82C80090}.Ad-Hoc|Mixed Platforms.ActiveCfg = Ad-Hoc|iPhone
		{F7EC57FF-6EC7-4B9A-9D7D-6BEC82C80090}.Ad-Hoc|Mixed Platforms.Build.0 = Ad-Hoc|iPhone
		{F7EC57FF-6EC7-4B9A-9D7D-6BEC82C80090}.Ad-Hoc|x86.ActiveCfg = Ad-Hoc|iPhone
		{F7EC57FF-6EC7-4B9A-9D7D-6BEC82C80090}.AppStore|Any CPU.ActiveCfg = AppStore|iPhone
		{F7EC57FF-6EC7-4B9A-9D7D-6BEC82C80090}.AppStore|ARM.ActiveCfg = AppStore|iPhone
		{F7EC57FF-6EC7-4B9A-9D7D-6BEC82C80090}.AppStore|iPhone.ActiveCfg = AppStore|iPhone
		{F7EC57FF-6EC7-4B9A-9D7D-6BEC82C80090}.AppStore|iPhone.Build.0 = AppStore|iPhone
		{F7EC57FF-6EC7-4B9A-9D7D-6BEC82C80090}.AppStore|iPhoneSimulator.ActiveCfg = AppStore|iPhoneSimulator
		{F7EC57FF-6EC7-4B9A-9D7D-6BEC82C80090}.AppStore|iPhoneSimulator.Build.0 = AppStore|iPhoneSimulator
		{F7EC57FF-6EC7-4B9A-9D7D-6BEC82C80090}.AppStore|Mixed Platforms.ActiveCfg = AppStore|iPhone
		{F7EC57FF-6EC7-4B9A-9D7D-6BEC82C80090}.AppStore|Mixed Platforms.Build.0 = AppStore|iPhone
		{F7EC57FF-6EC7-4B9A-9D7D-6BEC82C80090}.AppStore|x86.ActiveCfg = AppStore|iPhone
		{F7EC57FF-6EC7-4B9A-9D7D-6BEC82C80090}.Debug|Any CPU.ActiveCfg = Debug|iPhoneSimulator
		{F7EC57FF-6EC7-4B9A-9D7D-6BEC82C80090}.Debug|Any CPU.Build.0 = Debug|iPhoneSimulator
		{F7EC57FF-6EC7-4B9A-9D7D-6BEC82C80090}.Debug|ARM.ActiveCfg = Debug|iPhone
		{F7EC57FF-6EC7-4B9A-9D7D-6BEC82C80090}.Debug|iPhone.ActiveCfg = Debug|iPhone
		{F7EC57FF-6EC7-4B9A-9D7D-6BEC82C80090}.Debug|iPhone.Build.0 = Debug|iPhone
		{F7EC57FF-6EC7-4B9A-9D7D-6BEC82C80090}.Debug|iPhoneSimulator.ActiveCfg = Debug|iPhoneSimulator
		{F7EC57FF-6EC7-4B9A-9D7D-6BEC82C80090}.Debug|iPhoneSimulator.Build.0 = Debug|iPhoneSimulator
		{F7EC57FF-6EC7-4B9A-9D7D-6BEC82C80090}.Debug|Mixed Platforms.ActiveCfg = Debug|iPhone
		{F7EC57FF-6EC7-4B9A-9D7D-6BEC82C80090}.Debug|Mixed Platforms.Build.0 = Debug|iPhone
		{F7EC57FF-6EC7-4B9A-9D7D-6BEC82C80090}.Debug|x86.ActiveCfg = Debug|iPhone
		{F7EC57FF-6EC7-4B9A-9D7D-6BEC82C80090}.Release|Any CPU.ActiveCfg = Release|iPhone
		{F7EC57FF-6EC7-4B9A-9D7D-6BEC82C80090}.Release|Any CPU.Build.0 = Release|iPhone
		{F7EC57FF-6EC7-4B9A-9D7D-6BEC82C80090}.Release|ARM.ActiveCfg = Release|iPhone
		{F7EC57FF-6EC7-4B9A-9D7D-6BEC82C80090}.Release|iPhone.ActiveCfg = Release|iPhone
		{F7EC57FF-6EC7-4B9A-9D7D-6BEC82C80090}.Release|iPhone.Build.0 = Release|iPhone
		{F7EC57FF-6EC7-4B9A-9D7D-6BEC82C80090}.Release|iPhoneSimulator.ActiveCfg = Release|iPhoneSimulator
		{F7EC57FF-6EC7-4B9A-9D7D-6BEC82C80090}.Release|iPhoneSimulator.Build.0 = Release|iPhoneSimulator
		{F7EC57FF-6EC7-4B9A-9D7D-6BEC82C80090}.Release|Mixed Platforms.ActiveCfg = Release|iPhone
		{F7EC57FF-6EC7-4B9A-9D7D-6BEC82C80090}.Release|Mixed Platforms.Build.0 = Release|iPhone
		{F7EC57FF-6EC7-4B9A-9D7D-6BEC82C80090}.Release|x86.ActiveCfg = Release|iPhone
	EndGlobalSection
	GlobalSection(SolutionProperties) = preSolution
		HideSolutionNode = FALSE
	EndGlobalSection
EndGlobal
